Microsoft Visual Studio Solution File, Format Version 12.00
# Visual Studio Version 17
VisualStudioVersion = 17.5.2.0
MinimumVisualStudioVersion = 10.0.40219.1
Project("{FAE04EC0-301F-11D3-BF4B-00C04F79EFBC}") = "FoodStreetMAUI", "FoodStreetMAUI.csproj", "{221BD3D5-B7B8-19CE-BD52-B91C8DFFD1C7}"
EndProject
Global
	GlobalSection(SolutionConfigurationPlatforms) = preSolution
		Debug|Any CPU = Debug|Any CPU
		Release|Any CPU = Release|Any CPU
	EndGlobalSection
	GlobalSection(ProjectConfigurationPlatforms) = postSolution
		{221BD3D5-B7B8-19CE-BD52-B91C8DFFD1C7}.Debug|Any CPU.ActiveCfg = Debug|Any CPU
		{221BD3D5-B7B8-19CE-BD52-B91C8DFFD1C7}.Debug|Any CPU.Build.0 = Debug|Any CPU
		{221BD3D5-B7B8-19CE-BD52-B91C8DFFD1C7}.Release|Any CPU.ActiveCfg = Release|Any CPU
		{221BD3D5-B7B8-19CE-BD52-B91C8DFFD1C7}.Release|Any CPU.Build.0 = Release|Any CPU
	EndGlobalSection
	GlobalSection(SolutionProperties) = preSolution
		HideSolutionNode = FALSE
	EndGlobalSection
	GlobalSection(ExtensibilityGlobals) = postSolution
		SolutionGuid = {C3D8018F-1BA0-4F23-A9D3-F9771414787B}
	EndGlobalSection
EndGlobal
